
Microsoft Visual Studio Solution File, Format Version 12.00
# Visual Studio Version 16
VisualStudioVersion = 16.0.31112.23
MinimumVisualStudioVersion = 10.0.40219.1
Project("{FAE04EC0-301F-11D3-BF4B-00C04F79EFBC}") = "Web", "Web\Web.csproj", "{2476420A-2DF0-45BA-90E0-B82BE247D64B}"
EndProject
Project("{FAE04EC0-301F-11D3-BF4B-00C04F79EFBC}") = "Data", "Data\Data.csproj", "{750ECBB3-EA27-4E42-AEB4-604F43A66828}"
EndProject
Global
	GlobalSection(SolutionConfigurationPlatforms) = preSolution
		Debug|Any CPU = Debug|Any CPU
		Release|Any CPU = Release|Any CPU
	EndGlobalSection
	GlobalSection(ProjectConfigurationPlatforms) = postSolution
		{2476420A-2DF0-45BA-90E0-B82BE247D64B}.Debug|Any CPU.ActiveCfg = Debug|Any CPU
		{2476420A-2DF0-45BA-90E0-B82BE247D64B}.Debug|Any CPU.Build.0 = Debug|Any CPU
		{2476420A-2DF0-45BA-90E0-B82BE247D64B}.Release|Any CPU.ActiveCfg = Release|Any CPU
		{2476420A-2DF0-45BA-90E0-B82BE247D64B}.Release|Any CPU.Build.0 = Release|Any CPU
		{750ECBB3-EA27-4E42-AEB4-604F43A66828}.Debug|Any CPU.ActiveCfg = Debug|Any CPU
		{750ECBB3-EA27-4E42-AEB4-604F43A66828}.Debug|Any CPU.Build.0 = Debug|Any CPU
		{750ECBB3-EA27-4E42-AEB4-604F43A66828}.Release|Any CPU.ActiveCfg = Release|Any CPU
		{750ECBB3-EA27-4E42-AEB4-604F43A66828}.Release|Any CPU.Build.0 = Release|Any CPU
	EndGlobalSection
	GlobalSection(SolutionProperties) = preSolution
		HideSolutionNode = FALSE
	EndGlobalSection
	GlobalSection(ExtensibilityGlobals) = postSolution
		SolutionGuid = {461C1E44-3DBE-4A0C-91DE-617607324E02}
	EndGlobalSection
EndGlobal
